
Microsoft Visual Studio Solution File, Format Version 12.00
# Visual Studio Version 17
VisualStudioVersion = 17.7.34009.444
MinimumVisualStudioVersion = 10.0.40219.1
Project("{888888A0-9F3D-457C-B088-3A5042F75D52}") = "Rectangle", "Rectangle.pyproj", "{BADB7B35-3CBC-481C-A766-D7BBF2ACC191}"
EndProject
Global
	GlobalSection(SolutionConfigurationPlatforms) = preSolution
		Debug|Any CPU = Debug|Any CPU
		Release|Any CPU = Release|Any CPU
	EndGlobalSection
	GlobalSection(ProjectConfigurationPlatforms) = postSolution
		{BADB7B35-3CBC-481C-A766-D7BBF2ACC191}.Debug|Any CPU.ActiveCfg = Debug|Any CPU
		{BADB7B35-3CBC-481C-A766-D7BBF2ACC191}.Release|Any CPU.ActiveCfg = Release|Any CPU
	EndGlobalSection
	GlobalSection(SolutionProperties) = preSolution
		HideSolutionNode = FALSE
	EndGlobalSection
	GlobalSection(ExtensibilityGlobals) = postSolution
		SolutionGuid = {E98B7FC6-3B46-42A8-8520-5EF493A3CC26}
	EndGlobalSection
EndGlobal
